
Microsoft Visual Studio Solution File, Format Version 12.00
# Visual Studio 2012
Project("{FAE04EC0-301F-11D3-BF4B-00C04F79EFBC}") = "LevelUp.Api.Client", "LevelUpIntegrationSdk\LevelUp.Api.Client\LevelUp.Api.Client.csproj", "{12992069-4E54-49B3-A6BE-44AC577A76FE}"
EndProject
Project("{FAE04EC0-301F-11D3-BF4B-00C04F79EFBC}") = "LevelUp.Api.Client.Test", "LevelUpIntegrationSdk\LevelUp.Api.Client.Test\LevelUp.Api.Client.Test.csproj", "{5069A123-A987-4715-8849-74773BA5D76A}"
EndProject
Project("{FAE04EC0-301F-11D3-BF4B-00C04F79EFBC}") = "LevelUp.Api.Utilities", "LevelUpIntegrationSdk\LevelUp.Api.Utilities\LevelUp.Api.Utilities.csproj", "{E186FA36-867A-4509-8C04-D2330699278D}"
EndProject
Project("{FAE04EC0-301F-11D3-BF4B-00C04F79EFBC}") = "LevelUp.Api.Utilities.Test", "LevelUpIntegrationSdk\LevelUp.Api.Utilities.Test\LevelUp.Api.Utilities.Test.csproj", "{A6D162BD-8D75-4A8A-99D2-1894F912354B}"
EndProject
Project("{FAE04EC0-301F-11D3-BF4B-00C04F79EFBC}") = "LevelUp.Api.Http", "LevelUpIntegrationSdk\LevelUp.Api.Http\LevelUp.Api.Http.csproj", "{E3BA93A9-C367-447D-9668-095B46AC607E}"
EndProject
Project("{FAE04EC0-301F-11D3-BF4B-00C04F79EFBC}") = "LevelUp.Api.Http.Test", "LevelUpIntegrationSdk\LevelUp.Api.Http.Test\LevelUp.Api.Http.Test.csproj", "{8C34D8E3-2BEC-418D-B26F-79FCB4F8A905}"
EndProject
Project("{FAE04EC0-301F-11D3-BF4B-00C04F79EFBC}") = "ExampleApp", "ExampleApp\ExampleApp.csproj", "{702C6536-9E90-4455-B56D-14A13D2F2C99}"
EndProject
Global
	GlobalSection(SolutionConfigurationPlatforms) = preSolution
		Debug 3.0|Any CPU = Debug 3.0|Any CPU
		Debug 3.0|Mixed Platforms = Debug 3.0|Mixed Platforms
		Debug 3.0|x86 = Debug 3.0|x86
		Debug 3.5|Any CPU = Debug 3.5|Any CPU
		Debug 3.5|Mixed Platforms = Debug 3.5|Mixed Platforms
		Debug 3.5|x86 = Debug 3.5|x86
		Debug 4.0|Any CPU = Debug 4.0|Any CPU
		Debug 4.0|Mixed Platforms = Debug 4.0|Mixed Platforms
		Debug 4.0|x86 = Debug 4.0|x86
		Debug|Any CPU = Debug|Any CPU
		Debug|Mixed Platforms = Debug|Mixed Platforms
		Debug|x86 = Debug|x86
		Release 3.0|Any CPU = Release 3.0|Any CPU
		Release 3.0|Mixed Platforms = Release 3.0|Mixed Platforms
		Release 3.0|x86 = Release 3.0|x86
		Release 3.5|Any CPU = Release 3.5|Any CPU
		Release 3.5|Mixed Platforms = Release 3.5|Mixed Platforms
		Release 3.5|x86 = Release 3.5|x86
		Release 4.0|Any CPU = Release 4.0|Any CPU
		Release 4.0|Mixed Platforms = Release 4.0|Mixed Platforms
		Release 4.0|x86 = Release 4.0|x86
		Release|Any CPU = Release|Any CPU
		Release|Mixed Platforms = Release|Mixed Platforms
		Release|x86 = Release|x86
	EndGlobalSection
	GlobalSection(ProjectConfigurationPlatforms) = postSolution
		{12992069-4E54-49B3-A6BE-44AC577A76FE}.Debug 3.0|Any CPU.ActiveCfg = Debug 3.0|Any CPU
		{12992069-4E54-49B3-A6BE-44AC577A76FE}.Debug 3.0|Any CPU.Build.0 = Debug 3.0|Any CPU
		{12992069-4E54-49B3-A6BE-44AC577A76FE}.Debug 3.0|Mixed Platforms.ActiveCfg = Debug 3.0|Any CPU
		{12992069-4E54-49B3-A6BE-44AC577A76FE}.Debug 3.0|Mixed Platforms.Build.0 = Debug 3.0|Any CPU
		{12992069-4E54-49B3-A6BE-44AC577A76FE}.Debug 3.0|x86.ActiveCfg = Debug 3.0|Any CPU
		{12992069-4E54-49B3-A6BE-44AC577A76FE}.Debug 3.5|Any CPU.ActiveCfg = Debug 3.5|Any CPU
		{12992069-4E54-49B3-A6BE-44AC577A76FE}.Debug 3.5|Any CPU.Build.0 = Debug 3.5|Any CPU
		{12992069-4E54-49B3-A6BE-44AC577A76FE}.Debug 3.5|Mixed Platforms.ActiveCfg = Debug 3.5|Any CPU
		{12992069-4E54-49B3-A6BE-44AC577A76FE}.Debug 3.5|Mixed Platforms.Build.0 = Debug 3.5|Any CPU
		{12992069-4E54-49B3-A6BE-44AC577A76FE}.Debug 3.5|x86.ActiveCfg = Debug 3.5|Any CPU
		{12992069-4E54-49B3-A6BE-44AC577A76FE}.Debug 4.0|Any CPU.ActiveCfg = Debug 4.0|Any CPU
		{12992069-4E54-49B3-A6BE-44AC577A76FE}.Debug 4.0|Any CPU.Build.0 = Debug 4.0|Any CPU
		{12992069-4E54-49B3-A6BE-44AC577A76FE}.Debug 4.0|Mixed Platforms.ActiveCfg = Debug 4.0|Any CPU
		{12992069-4E54-49B3-A6BE-44AC577A76FE}.Debug 4.0|Mixed Platforms.Build.0 = Debug 4.0|Any CPU
		{12992069-4E54-49B3-A6BE-44AC577A76FE}.Debug 4.0|x86.ActiveCfg = Debug 4.0|Any CPU
		{12992069-4E54-49B3-A6BE-44AC577A76FE}.Debug|Any CPU.ActiveCfg = Debug 4.0|Any CPU
		{12992069-4E54-49B3-A6BE-44AC577A76FE}.Debug|Any CPU.Build.0 = Debug 4.0|Any CPU
		{12992069-4E54-49B3-A6BE-44AC577A76FE}.Debug|Mixed Platforms.ActiveCfg = Debug 3.0|Any CPU
		{12992069-4E54-49B3-A6BE-44AC577A76FE}.Debug|Mixed Platforms.Build.0 = Debug 3.0|Any CPU
		{12992069-4E54-49B3-A6BE-44AC577A76FE}.Debug|x86.ActiveCfg = Debug 4.0|Any CPU
		{12992069-4E54-49B3-A6BE-44AC577A76FE}.Release 3.0|Any CPU.ActiveCfg = Release 3.0|Any CPU
		{12992069-4E54-49B3-A6BE-44AC577A76FE}.Release 3.0|Any CPU.Build.0 = Release 3.0|Any CPU
		{12992069-4E54-49B3-A6BE-44AC577A76FE}.Release 3.0|Mixed Platforms.ActiveCfg = Release 3.0|Any CPU
		{12992069-4E54-49B3-A6BE-44AC577A76FE}.Release 3.0|Mixed Platforms.Build.0 = Release 3.0|Any CPU
		{12992069-4E54-49B3-A6BE-44AC577A76FE}.Release 3.0|x86.ActiveCfg = Release 3.0|Any CPU
		{12992069-4E54-49B3-A6BE-44AC577A76FE}.Release 3.5|Any CPU.ActiveCfg = Release 3.5|Any CPU
		{12992069-4E54-49B3-A6BE-44AC577A76FE}.Release 3.5|Any CPU.Build.0 = Release 3.5|Any CPU
		{12992069-4E54-49B3-A6BE-44AC577A76FE}.Release 3.5|Mixed Platforms.ActiveCfg = Release 3.5|Any CPU
		{12992069-4E54-49B3-A6BE-44AC577A76FE}.Release 3.5|Mixed Platforms.Build.0 = Release 3.5|Any CPU
		{12992069-4E54-49B3-A6BE-44AC577A76FE}.Release 3.5|x86.ActiveCfg = Release 3.5|Any CPU
		{12992069-4E54-49B3-A6BE-44AC577A76FE}.Release 4.0|Any CPU.ActiveCfg = Release 4.0|Any CPU
		{12992069-4E54-49B3-A6BE-44AC577A76FE}.Release 4.0|Any CPU.Build.0 = Release 4.0|Any CPU
		{12992069-4E54-49B3-A6BE-44AC577A76FE}.Release 4.0|Mixed Platforms.ActiveCfg = Release 4.0|Any CPU
		{12992069-4E54-49B3-A6BE-44AC577A76FE}.Release 4.0|Mixed Platforms.Build.0 = Release 4.0|Any CPU
		{12992069-4E54-49B3-A6BE-44AC577A76FE}.Release 4.0|x86.ActiveCfg = Release 4.0|Any CPU
		{12992069-4E54-49B3-A6BE-44AC577A76FE}.Release|Any CPU.ActiveCfg = Release 4.0|Any CPU
		{12992069-4E54-49B3-A6BE-44AC577A76FE}.Release|Any CPU.Build.0 = Release 4.0|Any CPU
		{12992069-4E54-49B3-A6BE-44AC577A76FE}.Release|Mixed Platforms.ActiveCfg = Release 4.0|Any CPU
		{12992069-4E54-49B3-A6BE-44AC577A76FE}.Release|Mixed Platforms.Build.0 = Release 4.0|Any CPU
		{12992069-4E54-49B3-A6BE-44AC577A76FE}.Release|x86.ActiveCfg = Release 4.0|Any CPU
		{5069A123-A987-4715-8849-74773BA5D76A}.Debug 3.0|Any CPU.ActiveCfg = Debug 3.0|Any CPU
		{5069A123-A987-4715-8849-74773BA5D76A}.Debug 3.0|Any CPU.Build.0 = Debug 3.0|Any CPU
		{5069A123-A987-4715-8849-74773BA5D76A}.Debug 3.0|Mixed Platforms.ActiveCfg = Debug 3.0|Any CPU
		{5069A123-A987-4715-8849-74773BA5D76A}.Debug 3.0|Mixed Platforms.Build.0 = Debug 3.0|Any CPU
		{5069A123-A987-4715-8849-74773BA5D76A}.Debug 3.0|x86.ActiveCfg = Debug 3.0|Any CPU
		{5069A123-A987-4715-8849-74773BA5D76A}.Debug 3.5|Any CPU.ActiveCfg = Debug 3.5|Any CPU
		{5069A123-A987-4715-8849-74773BA5D76A}.Debug 3.5|Any CPU.Build.0 = Debug 3.5|Any CPU
		{5069A123-A987-4715-8849-74773BA5D76A}.Debug 3.5|Mixed Platforms.ActiveCfg = Debug 3.5|Any CPU
		{5069A123-A987-4715-8849-74773BA5D76A}.Debug 3.5|Mixed Platforms.Build.0 = Debug 3.5|Any CPU
		{5069A123-A987-4715-8849-74773BA5D76A}.Debug 3.5|x86.ActiveCfg = Debug 3.5|Any CPU
		{5069A123-A987-4715-8849-74773BA5D76A}.Debug 4.0|Any CPU.ActiveCfg = Debug 4.0|Any CPU
		{5069A123-A987-4715-8849-74773BA5D76A}.Debug 4.0|Any CPU.Build.0 = Debug 4.0|Any CPU
		{5069A123-A987-4715-8849-74773BA5D76A}.Debug 4.0|Mixed Platforms.ActiveCfg = Debug 4.0|Any CPU
		{5069A123-A987-4715-8849-74773BA5D76A}.Debug 4.0|Mixed Platforms.Build.0 = Debug 4.0|Any CPU
		{5069A123-A987-4715-8849-74773BA5D76A}.Debug 4.0|x86.ActiveCfg = Debug 4.0|Any CPU
		{5069A123-A987-4715-8849-74773BA5D76A}.Debug|Any CPU.ActiveCfg = Debug 4.0|Any CPU
		{5069A123-A987-4715-8849-74773BA5D76A}.Debug|Any CPU.Build.0 = Debug 4.0|Any CPU
		{5069A123-A987-4715-8849-74773BA5D76A}.Debug|Mixed Platforms.ActiveCfg = Debug 3.0|Any CPU
		{5069A123-A987-4715-8849-74773BA5D76A}.Debug|Mixed Platforms.Build.0 = Debug 3.0|Any CPU
		{5069A123-A987-4715-8849-74773BA5D76A}.Debug|x86.ActiveCfg = Debug 4.0|Any CPU
		{5069A123-A987-4715-8849-74773BA5D76A}.Release 3.0|Any CPU.ActiveCfg = Release 3.0|Any CPU
		{5069A123-A987-4715-8849-74773BA5D76A}.Release 3.0|Any CPU.Build.0 = Release 3.0|Any CPU
		{5069A123-A987-4715-8849-74773BA5D76A}.Release 3.0|Mixed Platforms.ActiveCfg = Release 3.0|Any CPU
		{5069A123-A987-4715-8849-74773BA5D76A}.Release 3.0|Mixed Platforms.Build.0 = Release 3.0|Any CPU
		{5069A123-A987-4715-8849-74773BA5D76A}.Release 3.0|x86.ActiveCfg = Release 3.0|Any CPU
		{5069A123-A987-4715-8849-74773BA5D76A}.Release 3.5|Any CPU.ActiveCfg = Release 3.5|Any CPU
		{5069A123-A987-4715-8849-74773BA5D76A}.Release 3.5|Any CPU.Build.0 = Release 3.5|Any CPU
		{5069A123-A987-4715-8849-74773BA5D76A}.Release 3.5|Mixed Platforms.ActiveCfg = Release 3.5|Any CPU
		{5069A123-A987-4715-8849-74773BA5D76A}.Release 3.5|Mixed Platforms.Build.0 = Release 3.5|Any CPU
		{5069A123-A987-4715-8849-74773BA5D76A}.Release 3.5|x86.ActiveCfg = Release 3.5|Any CPU
		{5069A123-A987-4715-8849-74773BA5D76A}.Release 4.0|Any CPU.ActiveCfg = Release 4.0|Any CPU
		{5069A123-A987-4715-8849-74773BA5D76A}.Release 4.0|Any CPU.Build.0 = Release 4.0|Any CPU
		{5069A123-A987-4715-8849-74773BA5D76A}.Release 4.0|Mixed Platforms.ActiveCfg = Release 4.0|Any CPU
		{5069A123-A987-4715-8849-74773BA5D76A}.Release 4.0|Mixed Platforms.Build.0 = Release 4.0|Any CPU
		{5069A123-A987-4715-8849-74773BA5D76A}.Release 4.0|x86.ActiveCfg = Release 4.0|Any CPU
		{5069A123-A987-4715-8849-74773BA5D76A}.Release|Any CPU.ActiveCfg = Release 4.0|Any CPU
		{5069A123-A987-4715-8849-74773BA5D76A}.Release|Any CPU.Build.0 = Release 4.0|Any CPU
		{5069A123-A987-4715-8849-74773BA5D76A}.Release|Mixed Platforms.ActiveCfg = Release 4.0|Any CPU
		{5069A123-A987-4715-8849-74773BA5D76A}.Release|Mixed Platforms.Build.0 = Release 4.0|Any CPU
		{5069A123-A987-4715-8849-74773BA5D76A}.Release|x86.ActiveCfg = Release 4.0|Any CPU
		{E186FA36-867A-4509-8C04-D2330699278D}.Debug 3.0|Any CPU.ActiveCfg = Debug 3.0|Any CPU
		{E186FA36-867A-4509-8C04-D2330699278D}.Debug 3.0|Any CPU.Build.0 = Debug 3.0|Any CPU
		{E186FA36-867A-4509-8C04-D2330699278D}.Debug 3.0|Mixed Platforms.ActiveCfg = Debug 3.0|Any CPU
		{E186FA36-867A-4509-8C04-D2330699278D}.Debug 3.0|Mixed Platforms.Build.0 = Debug 3.0|Any CPU
		{E186FA36-867A-4509-8C04-D2330699278D}.Debug 3.0|x86.ActiveCfg = Debug 3.0|Any CPU
		{E186FA36-867A-4509-8C04-D2330699278D}.Debug 3.5|Any CPU.ActiveCfg = Debug 3.5|Any CPU
		{E186FA36-867A-4509-8C04-D2330699278D}.Debug 3.5|Any CPU.Build.0 = Debug 3.5|Any CPU
		{E186FA36-867A-4509-8C04-D2330699278D}.Debug 3.5|Mixed Platforms.ActiveCfg = Debug 3.5|Any CPU
		{E186FA36-867A-4509-8C04-D2330699278D}.Debug 3.5|Mixed Platforms.Build.0 = Debug 3.5|Any CPU
		{E186FA36-867A-4509-8C04-D2330699278D}.Debug 3.5|x86.ActiveCfg = Debug 3.5|Any CPU
		{E186FA36-867A-4509-8C04-D2330699278D}.Debug 4.0|Any CPU.ActiveCfg = Debug 4.0|Any CPU
		{E186FA36-867A-4509-8C04-D2330699278D}.Debug 4.0|Any CPU.Build.0 = Debug 4.0|Any CPU
		{E186FA36-867A-4509-8C04-D2330699278D}.Debug 4.0|Mixed Platforms.ActiveCfg = Debug 4.0|Any CPU
		{E186FA36-867A-4509-8C04-D2330699278D}.Debug 4.0|Mixed Platforms.Build.0 = Debug 4.0|Any CPU
		{E186FA36-867A-4509-8C04-D2330699278D}.Debug 4.0|x86.ActiveCfg = Debug 4.0|Any CPU
		{E186FA36-867A-4509-8C04-D2330699278D}.Debug|Any CPU.ActiveCfg = Debug 3.5|Any CPU
		{E186FA36-867A-4509-8C04-D2330699278D}.Debug|Any CPU.Build.0 = Debug 3.5|Any CPU
		{E186FA36-867A-4509-8C04-D2330699278D}.Debug|Mixed Platforms.ActiveCfg = Debug 3.0|Any CPU
		{E186FA36-867A-4509-8C04-D2330699278D}.Debug|Mixed Platforms.Build.0 = Debug 3.0|Any CPU
		{E186FA36-867A-4509-8C04-D2330699278D}.Debug|x86.ActiveCfg = Debug 3.5|Any CPU
		{E186FA36-867A-4509-8C04-D2330699278D}.Release 3.0|Any CPU.ActiveCfg = Release 3.0|Any CPU
		{E186FA36-867A-4509-8C04-D2330699278D}.Release 3.0|Any CPU.Build.0 = Release 3.0|Any CPU
		{E186FA36-867A-4509-8C04-D2330699278D}.Release 3.0|Mixed Platforms.ActiveCfg = Release 3.0|Any CPU
		{E186FA36-867A-4509-8C04-D2330699278D}.Release 3.0|Mixed Platforms.Build.0 = Release 3.0|Any CPU
		{E186FA36-867A-4509-8C04-D2330699278D}.Release 3.0|x86.ActiveCfg = Release 3.0|Any CPU
		{E186FA36-867A-4509-8C04-D2330699278D}.Release 3.5|Any CPU.ActiveCfg = Release 3.5|Any CPU
		{E186FA36-867A-4509-8C04-D2330699278D}.Release 3.5|Any CPU.Build.0 = Release 3.5|Any CPU
		{E186FA36-867A-4509-8C04-D2330699278D}.Release 3.5|Mixed Platforms.ActiveCfg = Release 3.5|Any CPU
		{E186FA36-867A-4509-8C04-D2330699278D}.Release 3.5|Mixed Platforms.Build.0 = Release 3.5|Any CPU
		{E186FA36-867A-4509-8C04-D2330699278D}.Release 3.5|x86.ActiveCfg = Release 3.5|Any CPU
		{E186FA36-867A-4509-8C04-D2330699278D}.Release 4.0|Any CPU.ActiveCfg = Release 4.0|Any CPU
		{E186FA36-867A-4509-8C04-D2330699278D}.Release 4.0|Any CPU.Build.0 = Release 4.0|Any CPU
		{E186FA36-867A-4509-8C04-D2330699278D}.Release 4.0|Mixed Platforms.ActiveCfg = Release 4.0|Any CPU
		{E186FA36-867A-4509-8C04-D2330699278D}.Release 4.0|Mixed Platforms.Build.0 = Release 4.0|Any CPU
		{E186FA36-867A-4509-8C04-D2330699278D}.Release 4.0|x86.ActiveCfg = Release 4.0|Any CPU
		{E186FA36-867A-4509-8C04-D2330699278D}.Release|Any CPU.ActiveCfg = Release 3.5|Any CPU
		{E186FA36-867A-4509-8C04-D2330699278D}.Release|Any CPU.Build.0 = Release 3.5|Any CPU
		{E186FA36-867A-4509-8C04-D2330699278D}.Release|Mixed Platforms.ActiveCfg = Release 3.5|Any CPU
		{E186FA36-867A-4509-8C04-D2330699278D}.Release|Mixed Platforms.Build.0 = Release 3.5|Any CPU
		{E186FA36-867A-4509-8C04-D2330699278D}.Release|x86.ActiveCfg = Release 3.5|Any CPU
		{A6D162BD-8D75-4A8A-99D2-1894F912354B}.Debug 3.0|Any CPU.ActiveCfg = Debug|Any CPU
		{A6D162BD-8D75-4A8A-99D2-1894F912354B}.Debug 3.0|Any CPU.Build.0 = Debug|Any CPU
		{A6D162BD-8D75-4A8A-99D2-1894F912354B}.Debug 3.0|Mixed Platforms.ActiveCfg = Debug|Any CPU
		{A6D162BD-8D75-4A8A-99D2-1894F912354B}.Debug 3.0|Mixed Platforms.Build.0 = Debug|Any CPU
		{A6D162BD-8D75-4A8A-99D2-1894F912354B}.Debug 3.0|x86.ActiveCfg = Debug|Any CPU
		{A6D162BD-8D75-4A8A-99D2-1894F912354B}.Debug 3.5|Any CPU.ActiveCfg = Debug|Any CPU
		{A6D162BD-8D75-4A8A-99D2-1894F912354B}.Debug 3.5|Any CPU.Build.0 = Debug|Any CPU
		{A6D162BD-8D75-4A8A-99D2-1894F912354B}.Debug 3.5|Mixed Platforms.ActiveCfg = Debug|Any CPU
		{A6D162BD-8D75-4A8A-99D2-1894F912354B}.Debug 3.5|Mixed Platforms.Build.0 = Debug|Any CPU
		{A6D162BD-8D75-4A8A-99D2-1894F912354B}.Debug 3.5|x86.ActiveCfg = Debug|Any CPU
		{A6D162BD-8D75-4A8A-99D2-1894F912354B}.Debug 4.0|Any CPU.ActiveCfg = Debug|Any CPU
		{A6D162BD-8D75-4A8A-99D2-1894F912354B}.Debug 4.0|Any CPU.Build.0 = Debug|Any CPU
		{A6D162BD-8D75-4A8A-99D2-1894F912354B}.Debug 4.0|Mixed Platforms.ActiveCfg = Debug|Any CPU
		{A6D162BD-8D75-4A8A-99D2-1894F912354B}.Debug 4.0|Mixed Platforms.Build.0 = Debug|Any CPU
		{A6D162BD-8D75-4A8A-99D2-1894F912354B}.Debug 4.0|x86.ActiveCfg = Debug|Any CPU
		{A6D162BD-8D75-4A8A-99D2-1894F912354B}.Debug|Any CPU.ActiveCfg = Debug|Any CPU
		{A6D162BD-8D75-4A8A-99D2-1894F912354B}.Debug|Any CPU.Build.0 = Debug|Any CPU
		{A6D162BD-8D75-4A8A-99D2-1894F912354B}.Debug|Mixed Platforms.ActiveCfg = Debug|Any CPU
		{A6D162BD-8D75-4A8A-99D2-1894F912354B}.Debug|Mixed Platforms.Build.0 = Debug|Any CPU
		{A6D162BD-8D75-4A8A-99D2-1894F912354B}.Debug|x86.ActiveCfg = Debug|Any CPU
		{A6D162BD-8D75-4A8A-99D2-1894F912354B}.Release 3.0|Any CPU.ActiveCfg = Release|Any CPU
		{A6D162BD-8D75-4A8A-99D2-1894F912354B}.Release 3.0|Any CPU.Build.0 = Release|Any CPU
		{A6D162BD-8D75-4A8A-99D2-1894F912354B}.Release 3.0|Mixed Platforms.ActiveCfg = Release|Any CPU
		{A6D162BD-8D75-4A8A-99D2-1894F912354B}.Release 3.0|Mixed Platforms.Build.0 = Release|Any CPU
		{A6D162BD-8D75-4A8A-99D2-1894F912354B}.Release 3.0|x86.ActiveCfg = Release|Any CPU
		{A6D162BD-8D75-4A8A-99D2-1894F912354B}.Release 3.5|Any CPU.ActiveCfg = Release|Any CPU
		{A6D162BD-8D75-4A8A-99D2-1894F912354B}.Release 3.5|Any CPU.Build.0 = Release|Any CPU
		{A6D162BD-8D75-4A8A-99D2-1894F912354B}.Release 3.5|Mixed Platforms.ActiveCfg = Release|Any CPU
		{A6D162BD-8D75-4A8A-99D2-1894F912354B}.Release 3.5|Mixed Platforms.Build.0 = Release|Any CPU
		{A6D162BD-8D75-4A8A-99D2-1894F912354B}.Release 3.5|x86.ActiveCfg = Release|Any CPU
		{A6D162BD-8D75-4A8A-99D2-1894F912354B}.Release 4.0|Any CPU.ActiveCfg = Release|Any CPU
		{A6D162BD-8D75-4A8A-99D2-1894F912354B}.Release 4.0|Any CPU.Build.0 = Release|Any CPU
		{A6D162BD-8D75-4A8A-99D2-1894F912354B}.Release 4.0|Mixed Platforms.ActiveCfg = Release|Any CPU
		{A6D162BD-8D75-4A8A-99D2-1894F912354B}.Release 4.0|Mixed Platforms.Build.0 = Release|Any CPU
		{A6D162BD-8D75-4A8A-99D2-1894F912354B}.Release 4.0|x86.ActiveCfg = Release|Any CPU
		{A6D162BD-8D75-4A8A-99D2-1894F912354B}.Release|Any CPU.ActiveCfg = Release|Any CPU
		{A6D162BD-8D75-4A8A-99D2-1894F912354B}.Release|Any CPU.Build.0 = Release|Any CPU
		{A6D162BD-8D75-4A8A-99D2-1894F912354B}.Release|Mixed Platforms.ActiveCfg = Release|Any CPU
		{A6D162BD-8D75-4A8A-99D2-1894F912354B}.Release|Mixed Platforms.Build.0 = Release|Any CPU
		{A6D162BD-8D75-4A8A-99D2-1894F912354B}.Release|x86.ActiveCfg = Release|Any CPU
		{E3BA93A9-C367-447D-9668-095B46AC607E}.Debug 3.0|Any CPU.ActiveCfg = Debug 3.0|Any CPU
		{E3BA93A9-C367-447D-9668-095B46AC607E}.Debug 3.0|Any CPU.Build.0 = Debug 3.0|Any CPU
		{E3BA93A9-C367-447D-9668-095B46AC607E}.Debug 3.0|Mixed Platforms.ActiveCfg = Debug 3.0|Any CPU
		{E3BA93A9-C367-447D-9668-095B46AC607E}.Debug 3.0|Mixed Platforms.Build.0 = Debug 3.0|Any CPU
		{E3BA93A9-C367-447D-9668-095B46AC607E}.Debug 3.0|x86.ActiveCfg = Debug 3.0|Any CPU
		{E3BA93A9-C367-447D-9668-095B46AC607E}.Debug 3.5|Any CPU.ActiveCfg = Debug 3.5|Any CPU
		{E3BA93A9-C367-447D-9668-095B46AC607E}.Debug 3.5|Any CPU.Build.0 = Debug 3.5|Any CPU
		{E3BA93A9-C367-447D-9668-095B46AC607E}.Debug 3.5|Mixed Platforms.ActiveCfg = Debug 3.5|Any CPU
		{E3BA93A9-C367-447D-9668-095B46AC607E}.Debug 3.5|Mixed Platforms.Build.0 = Debug 3.5|Any CPU
		{E3BA93A9-C367-447D-9668-095B46AC607E}.Debug 3.5|x86.ActiveCfg = Debug 3.5|Any CPU
		{E3BA93A9-C367-447D-9668-095B46AC607E}.Debug 4.0|Any CPU.ActiveCfg = Debug 4.0|Any CPU
		{E3BA93A9-C367-447D-9668-095B46AC607E}.Debug 4.0|Any CPU.Build.0 = Debug 4.0|Any CPU
		{E3BA93A9-C367-447D-9668-095B46AC607E}.Debug 4.0|Mixed Platforms.ActiveCfg = Debug 4.0|Any CPU
		{E3BA93A9-C367-447D-9668-095B46AC607E}.Debug 4.0|Mixed Platforms.Build.0 = Debug 4.0|Any CPU
		{E3BA93A9-C367-447D-9668-095B46AC607E}.Debug 4.0|x86.ActiveCfg = Debug 4.0|Any CPU
		{E3BA93A9-C367-447D-9668-095B46AC607E}.Debug|Any CPU.ActiveCfg = Debug 3.5|Any CPU
		{E3BA93A9-C367-447D-9668-095B46AC607E}.Debug|Any CPU.Build.0 = Debug 3.5|Any CPU
		{E3BA93A9-C367-447D-9668-095B46AC607E}.Debug|Mixed Platforms.ActiveCfg = Debug 3.0|Any CPU
		{E3BA93A9-C367-447D-9668-095B46AC607E}.Debug|Mixed Platforms.Build.0 = Debug 3.0|Any CPU
		{E3BA93A9-C367-447D-9668-095B46AC607E}.Debug|x86.ActiveCfg = Debug 3.5|Any CPU
		{E3BA93A9-C367-447D-9668-095B46AC607E}.Release 3.0|Any CPU.ActiveCfg = Release 3.0|Any CPU
		{E3BA93A9-C367-447D-9668-095B46AC607E}.Release 3.0|Any CPU.Build.0 = Release 3.0|Any CPU
		{E3BA93A9-C367-447D-9668-095B46AC607E}.Release 3.0|Mixed Platforms.ActiveCfg = Release 3.0|Any CPU
		{E3BA93A9-C367-447D-9668-095B46AC607E}.Release 3.0|Mixed Platforms.Build.0 = Release 3.0|Any CPU
		{E3BA93A9-C367-447D-9668-095B46AC607E}.Release 3.0|x86.ActiveCfg = Release 3.0|Any CPU
		{E3BA93A9-C367-447D-9668-095B46AC607E}.Release 3.5|Any CPU.ActiveCfg = Release 3.5|Any CPU
		{E3BA93A9-C367-447D-9668-095B46AC607E}.Release 3.5|Any CPU.Build.0 = Release 3.5|Any CPU
		{E3BA93A9-C367-447D-9668-095B46AC607E}.Release 3.5|Mixed Platforms.ActiveCfg = Release 3.5|Any CPU
		{E3BA93A9-C367-447D-9668-095B46AC607E}.Release 3.5|Mixed Platforms.Build.0 = Release 3.5|Any CPU
		{E3BA93A9-C367-447D-9668-095B46AC607E}.Release 3.5|x86.ActiveCfg = Release 3.5|Any CPU
		{E3BA93A9-C367-447D-9668-095B46AC607E}.Release 4.0|Any CPU.ActiveCfg = Release 4.0|Any CPU
		{E3BA93A9-C367-447D-9668-095B46AC607E}.Release 4.0|Any CPU.Build.0 = Release 4.0|Any CPU
		{E3BA93A9-C367-447D-9668-095B46AC607E}.Release 4.0|Mixed Platforms.ActiveCfg = Release 4.0|Any CPU
		{E3BA93A9-C367-447D-9668-095B46AC607E}.Release 4.0|Mixed Platforms.Build.0 = Release 4.0|Any CPU
		{E3BA93A9-C367-447D-9668-095B46AC607E}.Release 4.0|x86.ActiveCfg = Release 4.0|Any CPU
		{E3BA93A9-C367-447D-9668-095B46AC607E}.Release|Any CPU.ActiveCfg = Release 3.5|Any CPU
		{E3BA93A9-C367-447D-9668-095B46AC607E}.Release|Any CPU.Build.0 = Release 3.5|Any CPU
		{E3BA93A9-C367-447D-9668-095B46AC607E}.Release|Mixed Platforms.ActiveCfg = Release 3.5|Any CPU
		{E3BA93A9-C367-447D-9668-095B46AC607E}.Release|Mixed Platforms.Build.0 = Release 3.5|Any CPU
		{E3BA93A9-C367-447D-9668-095B46AC607E}.Release|x86.ActiveCfg = Release 3.5|Any CPU
		{8C34D8E3-2BEC-418D-B26F-79FCB4F8A905}.Debug 3.0|Any CPU.ActiveCfg = Debug|Any CPU
		{8C34D8E3-2BEC-418D-B26F-79FCB4F8A905}.Debug 3.0|Any CPU.Build.0 = Debug|Any CPU
		{8C34D8E3-2BEC-418D-B26F-79FCB4F8A905}.Debug 3.0|Mixed Platforms.ActiveCfg = Debug|Any CPU
		{8C34D8E3-2BEC-418D-B26F-79FCB4F8A905}.Debug 3.0|Mixed Platforms.Build.0 = Debug|Any CPU
		{8C34D8E3-2BEC-418D-B26F-79FCB4F8A905}.Debug 3.0|x86.ActiveCfg = Debug|Any CPU
		{8C34D8E3-2BEC-418D-B26F-79FCB4F8A905}.Debug 3.5|Any CPU.ActiveCfg = Debug|Any CPU
		{8C34D8E3-2BEC-418D-B26F-79FCB4F8A905}.Debug 3.5|Any CPU.Build.0 = Debug|Any CPU
		{8C34D8E3-2BEC-418D-B26F-79FCB4F8A905}.Debug 3.5|Mixed Platforms.ActiveCfg = Debug|Any CPU
		{8C34D8E3-2BEC-418D-B26F-79FCB4F8A905}.Debug 3.5|Mixed Platforms.Build.0 = Debug|Any CPU
		{8C34D8E3-2BEC-418D-B26F-79FCB4F8A905}.Debug 3.5|x86.ActiveCfg = Debug|Any CPU
		{8C34D8E3-2BEC-418D-B26F-79FCB4F8A905}.Debug 4.0|Any CPU.ActiveCfg = Debug|Any CPU
		{8C34D8E3-2BEC-418D-B26F-79FCB4F8A905}.Debug 4.0|Any CPU.Build.0 = Debug|Any CPU
		{8C34D8E3-2BEC-418D-B26F-79FCB4F8A905}.Debug 4.0|Mixed Platforms.ActiveCfg = Debug|Any CPU
		{8C34D8E3-2BEC-418D-B26F-79FCB4F8A905}.Debug 4.0|Mixed Platforms.Build.0 = Debug|Any CPU
		{8C34D8E3-2BEC-418D-B26F-79FCB4F8A905}.Debug 4.0|x86.ActiveCfg = Debug|Any CPU
		{8C34D8E3-2BEC-418D-B26F-79FCB4F8A905}.Debug|Any CPU.ActiveCfg = Debug|Any CPU
		{8C34D8E3-2BEC-418D-B26F-79FCB4F8A905}.Debug|Any CPU.Build.0 = Debug|Any CPU
		{8C34D8E3-2BEC-418D-B26F-79FCB4F8A905}.Debug|Mixed Platforms.ActiveCfg = Debug|Any CPU
		{8C34D8E3-2BEC-418D-B26F-79FCB4F8A905}.Debug|Mixed Platforms.Build.0 = Debug|Any CPU
		{8C34D8E3-2BEC-418D-B26F-79FCB4F8A905}.Debug|x86.ActiveCfg = Debug|Any CPU
		{8C34D8E3-2BEC-418D-B26F-79FCB4F8A905}.Release 3.0|Any CPU.ActiveCfg = Release|Any CPU
		{8C34D8E3-2BEC-418D-B26F-79FCB4F8A905}.Release 3.0|Any CPU.Build.0 = Release|Any CPU
		{8C34D8E3-2BEC-418D-B26F-79FCB4F8A905}.Release 3.0|Mixed Platforms.ActiveCfg = Release|Any CPU
		{8C34D8E3-2BEC-418D-B26F-79FCB4F8A905}.Release 3.0|Mixed Platforms.Build.0 = Release|Any CPU
		{8C34D8E3-2BEC-418D-B26F-79FCB4F8A905}.Release 3.0|x86.ActiveCfg = Release|Any CPU
		{8C34D8E3-2BEC-418D-B26F-79FCB4F8A905}.Release 3.5|Any CPU.ActiveCfg = Release|Any CPU
		{8C34D8E3-2BEC-418D-B26F-79FCB4F8A905}.Release 3.5|Any CPU.Build.0 = Release|Any CPU
		{8C34D8E3-2BEC-418D-B26F-79FCB4F8A905}.Release 3.5|Mixed Platforms.ActiveCfg = Release|Any CPU
		{8C34D8E3-2BEC-418D-B26F-79FCB4F8A905}.Release 3.5|Mixed Platforms.Build.0 = Release|Any CPU
		{8C34D8E3-2BEC-418D-B26F-79FCB4F8A905}.Release 3.5|x86.ActiveCfg = Release|Any CPU
		{8C34D8E3-2BEC-418D-B26F-79FCB4F8A905}.Release 4.0|Any CPU.ActiveCfg = Release|Any CPU
		{8C34D8E3-2BEC-418D-B26F-79FCB4F8A905}.Release 4.0|Any CPU.Build.0 = Release|Any CPU
		{8C34D8E3-2BEC-418D-B26F-79FCB4F8A905}.Release 4.0|Mixed Platforms.ActiveCfg = Release|Any CPU
		{8C34D8E3-2BEC-418D-B26F-79FCB4F8A905}.Release 4.0|Mixed Platforms.Build.0 = Release|Any CPU
		{8C34D8E3-2BEC-418D-B26F-79FCB4F8A905}.Release 4.0|x86.ActiveCfg = Release|Any CPU
		{8C34D8E3-2BEC-418D-B26F-79FCB4F8A905}.Release|Any CPU.ActiveCfg = Release|Any CPU
		{8C34D8E3-2BEC-418D-B26F-79FCB4F8A905}.Release|Any CPU.Build.0 = Release|Any CPU
		{8C34D8E3-2BEC-418D-B26F-79FCB4F8A905}.Release|Mixed Platforms.ActiveCfg = Release|Any CPU
		{8C34D8E3-2BEC-418D-B26F-79FCB4F8A905}.Release|Mixed Platforms.Build.0 = Release|Any CPU
		{8C34D8E3-2BEC-418D-B26F-79FCB4F8A905}.Release|x86.ActiveCfg = Release|Any CPU
		{702C6536-9E90-4455-B56D-14A13D2F2C99}.Debug 3.0|Any CPU.ActiveCfg = Debug|Any CPU
		{702C6536-9E90-4455-B56D-14A13D2F2C99}.Debug 3.0|Any CPU.Build.0 = Debug|Any CPU
		{702C6536-9E90-4455-B56D-14A13D2F2C99}.Debug 3.0|Mixed Platforms.ActiveCfg = Debug|Any CPU
		{702C6536-9E90-4455-B56D-14A13D2F2C99}.Debug 3.0|Mixed Platforms.Build.0 = Debug|Any CPU
		{702C6536-9E90-4455-B56D-14A13D2F2C99}.Debug 3.0|x86.ActiveCfg = Debug|Any CPU
		{702C6536-9E90-4455-B56D-14A13D2F2C99}.Debug 3.5|Any CPU.ActiveCfg = Debug|Any CPU
		{702C6536-9E90-4455-B56D-14A13D2F2C99}.Debug 3.5|Any CPU.Build.0 = Debug|Any CPU
		{702C6536-9E90-4455-B56D-14A13D2F2C99}.Debug 3.5|Mixed Platforms.ActiveCfg = Debug|Any CPU
		{702C6536-9E90-4455-B56D-14A13D2F2C99}.Debug 3.5|Mixed Platforms.Build.0 = Debug|Any CPU
		{702C6536-9E90-4455-B56D-14A13D2F2C99}.Debug 3.5|x86.ActiveCfg = Debug|Any CPU
		{702C6536-9E90-4455-B56D-14A13D2F2C99}.Debug 4.0|Any CPU.ActiveCfg = Debug|Any CPU
		{702C6536-9E90-4455-B56D-14A13D2F2C99}.Debug 4.0|Any CPU.Build.0 = Debug|Any CPU
		{702C6536-9E90-4455-B56D-14A13D2F2C99}.Debug 4.0|Mixed Platforms.ActiveCfg = Debug|Any CPU
		{702C6536-9E90-4455-B56D-14A13D2F2C99}.Debug 4.0|Mixed Platforms.Build.0 = Debug|Any CPU
		{702C6536-9E90-4455-B56D-14A13D2F2C99}.Debug 4.0|x86.ActiveCfg = Debug|Any CPU
		{702C6536-9E90-4455-B56D-14A13D2F2C99}.Debug|Any CPU.ActiveCfg = Debug|Any CPU
		{702C6536-9E90-4455-B56D-14A13D2F2C99}.Debug|Any CPU.Build.0 = Debug|Any CPU
		{702C6536-9E90-4455-B56D-14A13D2F2C99}.Debug|Mixed Platforms.ActiveCfg = Debug|Any CPU
		{702C6536-9E90-4455-B56D-14A13D2F2C99}.Debug|Mixed Platforms.Build.0 = Debug|Any CPU
		{702C6536-9E90-4455-B56D-14A13D2F2C99}.Debug|x86.ActiveCfg = Debug|Any CPU
		{702C6536-9E90-4455-B56D-14A13D2F2C99}.Release 3.0|Any CPU.ActiveCfg = Release|Any CPU
		{702C6536-9E90-4455-B56D-14A13D2F2C99}.Release 3.0|Any CPU.Build.0 = Release|Any CPU
		{702C6536-9E90-4455-B56D-14A13D2F2C99}.Release 3.0|Mixed Platforms.ActiveCfg = Release|Any CPU
		{702C6536-9E90-4455-B56D-14A13D2F2C99}.Release 3.0|Mixed Platforms.Build.0 = Release|Any CPU
		{702C6536-9E90-4455-B56D-14A13D2F2C99}.Release 3.0|x86.ActiveCfg = Release|Any CPU
		{702C6536-9E90-4455-B56D-14A13D2F2C99}.Release 3.5|Any CPU.ActiveCfg = Release|Any CPU
		{702C6536-9E90-4455-B56D-14A13D2F2C99}.Release 3.5|Any CPU.Build.0 = Release|Any CPU
		{702C6536-9E90-4455-B56D-14A13D2F2C99}.Release 3.5|Mixed Platforms.ActiveCfg = Release|Any CPU
		{702C6536-9E90-4455-B56D-14A13D2F2C99}.Release 3.5|Mixed Platforms.Build.0 = Release|Any CPU
		{702C6536-9E90-4455-B56D-14A13D2F2C99}.Release 3.5|x86.ActiveCfg = Release|Any CPU
		{702C6536-9E90-4455-B56D-14A13D2F2C99}.Release 4.0|Any CPU.ActiveCfg = Release|Any CPU
		{702C6536-9E90-4455-B56D-14A13D2F2C99}.Release 4.0|Any CPU.Build.0 = Release|Any CPU
		{702C6536-9E90-4455-B56D-14A13D2F2C99}.Release 4.0|Mixed Platforms.ActiveCfg = Release|Any CPU
		{702C6536-9E90-4455-B56D-14A13D2F2C99}.Release 4.0|Mixed Platforms.Build.0 = Release|Any CPU
		{702C6536-9E90-4455-B56D-14A13D2F2C99}.Release 4.0|x86.ActiveCfg = Release|Any CPU
		{702C6536-9E90-4455-B56D-14A13D2F2C99}.Release|Any CPU.ActiveCfg = Release|Any CPU
		{702C6536-9E90-4455-B56D-14A13D2F2C99}.Release|Any CPU.Build.0 = Release|Any CPU
		{702C6536-9E90-4455-B56D-14A13D2F2C99}.Release|Mixed Platforms.ActiveCfg = Release|Any CPU
		{702C6536-9E90-4455-B56D-14A13D2F2C99}.Release|Mixed Platforms.Build.0 = Release|Any CPU
		{702C6536-9E90-4455-B56D-14A13D2F2C99}.Release|x86.ActiveCfg = Release|Any CPU
	EndGlobalSection
	GlobalSection(SolutionProperties) = preSolution
		HideSolutionNode = FALSE
	EndGlobalSection
EndGlobal
